
Microsoft Visual Studio Solution File, Format Version 12.00
# Visual Studio Version 16
VisualStudioVersion = 16.0.29102.190
MinimumVisualStudioVersion = 10.0.40219.1
Project("{FAE04EC0-301F-11D3-BF4B-00C04F79EFBC}") = "BuilderPattern", "BuilderPattern.csproj", "{D5B8DD1B-F633-49C6-BAA5-0A7DFDCBEBB2}"
EndProject
Global
	GlobalSection(SolutionConfigurationPlatforms) = preSolution
		Debug|Any CPU = Debug|Any CPU
		Release|Any CPU = Release|Any CPU
	EndGlobalSection
	GlobalSection(ProjectConfigurationPlatforms) = postSolution
		{D5B8DD1B-F633-49C6-BAA5-0A7DFDCBEBB2}.Debug|Any CPU.ActiveCfg = Debug|Any CPU
		{D5B8DD1B-F633-49C6-BAA5-0A7DFDCBEBB2}.Debug|Any CPU.Build.0 = Debug|Any CPU
		{D5B8DD1B-F633-49C6-BAA5-0A7DFDCBEBB2}.Release|Any CPU.ActiveCfg = Release|Any CPU
		{D5B8DD1B-F633-49C6-BAA5-0A7DFDCBEBB2}.Release|Any CPU.Build.0 = Release|Any CPU
	EndGlobalSection
	GlobalSection(SolutionProperties) = preSolution
		HideSolutionNode = FALSE
	EndGlobalSection
	GlobalSection(ExtensibilityGlobals) = postSolution
		SolutionGuid = {1C0A3048-9791-4BE6-8EDB-96EC2957A78D}
	EndGlobalSection
EndGlobal
